
Microsoft Visual Studio Solution File, Format Version 12.00
# Visual Studio Version 16
VisualStudioVersion = 16.0.32126.315
MinimumVisualStudioVersion = 10.0.40219.1
Project("{FAE04EC0-301F-11D3-BF4B-00C04F79EFBC}") = "Rent_Buy_Car_Project", "Rent_Buy_Car_Project\Rent_Buy_Car_Project.csproj", "{F97DE769-3709-4549-A905-AFA2826DD3E3}"
EndProject
Project("{FAE04EC0-301F-11D3-BF4B-00C04F79EFBC}") = "Data", "Data\Data.csproj", "{D8CB53BD-618C-4F9E-8A0B-A6A550733DF6}"
EndProject
Project("{FAE04EC0-301F-11D3-BF4B-00C04F79EFBC}") = "Business", "Business\Business.csproj", "{8CAC810A-04C1-4C38-A1CD-B102E13583CE}"
EndProject
Project("{FAE04EC0-301F-11D3-BF4B-00C04F79EFBC}") = "RentACarProjectTests", "RentACarProjectTests\RentACarProjectTests.csproj", "{FC6E6A9D-A91F-41D7-A2A7-929BFE0F264A}"
EndProject
Global
	GlobalSection(SolutionConfigurationPlatforms) = preSolution
		Debug|Any CPU = Debug|Any CPU
		Release|Any CPU = Release|Any CPU
	EndGlobalSection
	GlobalSection(ProjectConfigurationPlatforms) = postSolution
		{F97DE769-3709-4549-A905-AFA2826DD3E3}.Debug|Any CPU.ActiveCfg = Debug|Any CPU
		{F97DE769-3709-4549-A905-AFA2826DD3E3}.Debug|Any CPU.Build.0 = Debug|Any CPU
		{F97DE769-3709-4549-A905-AFA2826DD3E3}.Release|Any CPU.ActiveCfg = Release|Any CPU
		{F97DE769-3709-4549-A905-AFA2826DD3E3}.Release|Any CPU.Build.0 = Release|Any CPU
		{D8CB53BD-618C-4F9E-8A0B-A6A550733DF6}.Debug|Any CPU.ActiveCfg = Debug|Any CPU
		{D8CB53BD-618C-4F9E-8A0B-A6A550733DF6}.Debug|Any CPU.Build.0 = Debug|Any CPU
		{D8CB53BD-618C-4F9E-8A0B-A6A550733DF6}.Release|Any CPU.ActiveCfg = Release|Any CPU
		{D8CB53BD-618C-4F9E-8A0B-A6A550733DF6}.Release|Any CPU.Build.0 = Release|Any CPU
		{8CAC810A-04C1-4C38-A1CD-B102E13583CE}.Debug|Any CPU.ActiveCfg = Debug|Any CPU
		{8CAC810A-04C1-4C38-A1CD-B102E13583CE}.Debug|Any CPU.Build.0 = Debug|Any CPU
		{8CAC810A-04C1-4C38-A1CD-B102E13583CE}.Release|Any CPU.ActiveCfg = Release|Any CPU
		{8CAC810A-04C1-4C38-A1CD-B102E13583CE}.Release|Any CPU.Build.0 = Release|Any CPU
		{FC6E6A9D-A91F-41D7-A2A7-929BFE0F264A}.Debug|Any CPU.ActiveCfg = Debug|Any CPU
		{FC6E6A9D-A91F-41D7-A2A7-929BFE0F264A}.Debug|Any CPU.Build.0 = Debug|Any CPU
		{FC6E6A9D-A91F-41D7-A2A7-929BFE0F264A}.Release|Any CPU.ActiveCfg = Release|Any CPU
		{FC6E6A9D-A91F-41D7-A2A7-929BFE0F264A}.Release|Any CPU.Build.0 = Release|Any CPU
	EndGlobalSection
	GlobalSection(SolutionProperties) = preSolution
		HideSolutionNode = FALSE
	EndGlobalSection
	GlobalSection(ExtensibilityGlobals) = postSolution
		SolutionGuid = {DE25F7D9-25BE-424B-B1FF-766EFEFC2463}
	EndGlobalSection
EndGlobal
